
Microsoft Visual Studio Solution File, Format Version 12.00
# Visual Studio Version 17
VisualStudioVersion = 17.14.36212.18 d17.14
MinimumVisualStudioVersion = 10.0.40219.1
Project("{FAE04EC0-301F-11D3-BF4B-00C04F79EFBC}") = "EnergyConsumTracker", "EnergyConsumTracker\EnergyConsumTracker.csproj", "{6BB02FBA-8882-4C30-94B0-B8D3AE858855}"
EndProject
Global
	GlobalSection(SolutionConfigurationPlatforms) = preSolution
		Debug|Any CPU = Debug|Any CPU
		Release|Any CPU = Release|Any CPU
	EndGlobalSection
	GlobalSection(ProjectConfigurationPlatforms) = postSolution
		{6BB02FBA-8882-4C30-94B0-B8D3AE858855}.Debug|Any CPU.ActiveCfg = Debug|Any CPU
		{6BB02FBA-8882-4C30-94B0-B8D3AE858855}.Debug|Any CPU.Build.0 = Debug|Any CPU
		{6BB02FBA-8882-4C30-94B0-B8D3AE858855}.Release|Any CPU.ActiveCfg = Release|Any CPU
		{6BB02FBA-8882-4C30-94B0-B8D3AE858855}.Release|Any CPU.Build.0 = Release|Any CPU
	EndGlobalSection
	GlobalSection(SolutionProperties) = preSolution
		HideSolutionNode = FALSE
	EndGlobalSection
	GlobalSection(ExtensibilityGlobals) = postSolution
		SolutionGuid = {4A8BCCE8-A4BD-4D74-800C-5B9122649AC4}
	EndGlobalSection
EndGlobal
